
Microsoft Visual Studio Solution File, Format Version 12.00
# Visual Studio Version 17
VisualStudioVersion = 17.11.35303.130
MinimumVisualStudioVersion = 10.0.40219.1
Project("{9A19103F-16F7-4668-BE54-9A1E7A4F7556}") = "IT15-TripoleMedelTijol", "IT15-TripoleMedelTijol.csproj", "{D523F371-5EC5-4710-B5B7-98F6A04572DC}"
EndProject
Global
	GlobalSection(SolutionConfigurationPlatforms) = preSolution
		Debug|Any CPU = Debug|Any CPU
		Release|Any CPU = Release|Any CPU
	EndGlobalSection
	GlobalSection(ProjectConfigurationPlatforms) = postSolution
		{D523F371-5EC5-4710-B5B7-98F6A04572DC}.Debug|Any CPU.ActiveCfg = Debug|Any CPU
		{D523F371-5EC5-4710-B5B7-98F6A04572DC}.Debug|Any CPU.Build.0 = Debug|Any CPU
		{D523F371-5EC5-4710-B5B7-98F6A04572DC}.Release|Any CPU.ActiveCfg = Release|Any CPU
		{D523F371-5EC5-4710-B5B7-98F6A04572DC}.Release|Any CPU.Build.0 = Release|Any CPU
	EndGlobalSection
	GlobalSection(SolutionProperties) = preSolution
		HideSolutionNode = FALSE
	EndGlobalSection
	GlobalSection(ExtensibilityGlobals) = postSolution
		SolutionGuid = {4BF63E7A-E423-4161-80BE-0024B1011345}
	EndGlobalSection
EndGlobal
